
Microsoft Visual Studio Solution File, Format Version 12.00
# Visual Studio 15
VisualStudioVersion = 15.0.27004.2005
MinimumVisualStudioVersion = 10.0.40219.1
Project("{FAE04EC0-301F-11D3-BF4B-00C04F79EFBC}") = "CarApp", "CarApp\CarApp.csproj", "{B040234B-A740-437A-9000-C26FBCF85DDE}"
EndProject
Project("{FAE04EC0-301F-11D3-BF4B-00C04F79EFBC}") = "CarServices", "CarServices\CarServices.csproj", "{E9E9F28E-0CF1-4664-824D-E3C543B892BA}"
EndProject
Global
	GlobalSection(SolutionConfigurationPlatforms) = preSolution
		Debug|Any CPU = Debug|Any CPU
		Release|Any CPU = Release|Any CPU
	EndGlobalSection
	GlobalSection(ProjectConfigurationPlatforms) = postSolution
		{B040234B-A740-437A-9000-C26FBCF85DDE}.Debug|Any CPU.ActiveCfg = Debug|Any CPU
		{B040234B-A740-437A-9000-C26FBCF85DDE}.Debug|Any CPU.Build.0 = Debug|Any CPU
		{B040234B-A740-437A-9000-C26FBCF85DDE}.Release|Any CPU.ActiveCfg = Release|Any CPU
		{B040234B-A740-437A-9000-C26FBCF85DDE}.Release|Any CPU.Build.0 = Release|Any CPU
		{E9E9F28E-0CF1-4664-824D-E3C543B892BA}.Debug|Any CPU.ActiveCfg = Debug|Any CPU
		{E9E9F28E-0CF1-4664-824D-E3C543B892BA}.Debug|Any CPU.Build.0 = Debug|Any CPU
		{E9E9F28E-0CF1-4664-824D-E3C543B892BA}.Release|Any CPU.ActiveCfg = Release|Any CPU
		{E9E9F28E-0CF1-4664-824D-E3C543B892BA}.Release|Any CPU.Build.0 = Release|Any CPU
	EndGlobalSection
	GlobalSection(SolutionProperties) = preSolution
		HideSolutionNode = FALSE
	EndGlobalSection
	GlobalSection(ExtensibilityGlobals) = postSolution
		SolutionGuid = {62DB78AB-C9E3-4ED7-AECD-076A5B2A8101}
	EndGlobalSection
EndGlobal
